
Microsoft Visual Studio Solution File, Format Version 12.00
# Visual Studio Version 16
VisualStudioVersion = 16.0.29920.165
MinimumVisualStudioVersion = 10.0.40219.1
Project("{FAE04EC0-301F-11D3-BF4B-00C04F79EFBC}") = "JuegoMemoria.Android", "JuegoMemoria\JuegoMemoria.Android\JuegoMemoria.Android.csproj", "{FE84811E-89F6-482A-A9EB-62F3E6FDDA7A}"
EndProject
Project("{FAE04EC0-301F-11D3-BF4B-00C04F79EFBC}") = "JuegoMemoria.iOS", "JuegoMemoria\JuegoMemoria.iOS\JuegoMemoria.iOS.csproj", "{5D7E0249-DCE7-4E4E-8848-E845483AD0A0}"
EndProject
Project("{FAE04EC0-301F-11D3-BF4B-00C04F79EFBC}") = "JuegoMemoria", "JuegoMemoria\JuegoMemoria\JuegoMemoria.csproj", "{81224D53-262C-4EC2-BB00-60AF7D736CA9}"
EndProject
Global
	GlobalSection(SolutionConfigurationPlatforms) = preSolution
		Debug|Any CPU = Debug|Any CPU
		Debug|iPhone = Debug|iPhone
		Debug|iPhoneSimulator = Debug|iPhoneSimulator
		Release|Any CPU = Release|Any CPU
		Release|iPhone = Release|iPhone
		Release|iPhoneSimulator = Release|iPhoneSimulator
	EndGlobalSection
	GlobalSection(ProjectConfigurationPlatforms) = postSolution
		{FE84811E-89F6-482A-A9EB-62F3E6FDDA7A}.Debug|Any CPU.ActiveCfg = Debug|Any CPU
		{FE84811E-89F6-482A-A9EB-62F3E6FDDA7A}.Debug|Any CPU.Build.0 = Debug|Any CPU
		{FE84811E-89F6-482A-A9EB-62F3E6FDDA7A}.Debug|Any CPU.Deploy.0 = Debug|Any CPU
		{FE84811E-89F6-482A-A9EB-62F3E6FDDA7A}.Debug|iPhone.ActiveCfg = Debug|Any CPU
		{FE84811E-89F6-482A-A9EB-62F3E6FDDA7A}.Debug|iPhone.Build.0 = Debug|Any CPU
		{FE84811E-89F6-482A-A9EB-62F3E6FDDA7A}.Debug|iPhone.Deploy.0 = Debug|Any CPU
		{FE84811E-89F6-482A-A9EB-62F3E6FDDA7A}.Debug|iPhoneSimulator.ActiveCfg = Debug|Any CPU
		{FE84811E-89F6-482A-A9EB-62F3E6FDDA7A}.Debug|iPhoneSimulator.Build.0 = Debug|Any CPU
		{FE84811E-89F6-482A-A9EB-62F3E6FDDA7A}.Debug|iPhoneSimulator.Deploy.0 = Debug|Any CPU
		{FE84811E-89F6-482A-A9EB-62F3E6FDDA7A}.Release|Any CPU.ActiveCfg = Release|Any CPU
		{FE84811E-89F6-482A-A9EB-62F3E6FDDA7A}.Release|Any CPU.Build.0 = Release|Any CPU
		{FE84811E-89F6-482A-A9EB-62F3E6FDDA7A}.Release|Any CPU.Deploy.0 = Release|Any CPU
		{FE84811E-89F6-482A-A9EB-62F3E6FDDA7A}.Release|iPhone.ActiveCfg = Release|Any CPU
		{FE84811E-89F6-482A-A9EB-62F3E6FDDA7A}.Release|iPhone.Build.0 = Release|Any CPU
		{FE84811E-89F6-482A-A9EB-62F3E6FDDA7A}.Release|iPhone.Deploy.0 = Release|Any CPU
		{FE84811E-89F6-482A-A9EB-62F3E6FDDA7A}.Release|iPhoneSimulator.ActiveCfg = Release|Any CPU
		{FE84811E-89F6-482A-A9EB-62F3E6FDDA7A}.Release|iPhoneSimulator.Build.0 = Release|Any CPU
		{FE84811E-89F6-482A-A9EB-62F3E6FDDA7A}.Release|iPhoneSimulator.Deploy.0 = Release|Any CPU
		{5D7E0249-DCE7-4E4E-8848-E845483AD0A0}.Debug|Any CPU.ActiveCfg = Debug|iPhone
		{5D7E0249-DCE7-4E4E-8848-E845483AD0A0}.Debug|Any CPU.Build.0 = Debug|iPhone
		{5D7E0249-DCE7-4E4E-8848-E845483AD0A0}.Debug|Any CPU.Deploy.0 = Debug|iPhone
		{5D7E0249-DCE7-4E4E-8848-E845483AD0A0}.Debug|iPhone.ActiveCfg = Debug|iPhone
		{5D7E0249-DCE7-4E4E-8848-E845483AD0A0}.Debug|iPhone.Build.0 = Debug|iPhone
		{5D7E0249-DCE7-4E4E-8848-E845483AD0A0}.Debug|iPhone.Deploy.0 = Debug|iPhone
		{5D7E0249-DCE7-4E4E-8848-E845483AD0A0}.Debug|iPhoneSimulator.ActiveCfg = Debug|iPhoneSimulator
		{5D7E0249-DCE7-4E4E-8848-E845483AD0A0}.Debug|iPhoneSimulator.Build.0 = Debug|iPhoneSimulator
		{5D7E0249-DCE7-4E4E-8848-E845483AD0A0}.Debug|iPhoneSimulator.Deploy.0 = Debug|iPhoneSimulator
		{5D7E0249-DCE7-4E4E-8848-E845483AD0A0}.Release|Any CPU.ActiveCfg = Release|iPhone
		{5D7E0249-DCE7-4E4E-8848-E845483AD0A0}.Release|Any CPU.Build.0 = Release|iPhone
		{5D7E0249-DCE7-4E4E-8848-E845483AD0A0}.Release|Any CPU.Deploy.0 = Release|iPhone
		{5D7E0249-DCE7-4E4E-8848-E845483AD0A0}.Release|iPhone.ActiveCfg = Release|iPhone
		{5D7E0249-DCE7-4E4E-8848-E845483AD0A0}.Release|iPhone.Build.0 = Release|iPhone
		{5D7E0249-DCE7-4E4E-8848-E845483AD0A0}.Release|iPhone.Deploy.0 = Release|iPhone
		{5D7E0249-DCE7-4E4E-8848-E845483AD0A0}.Release|iPhoneSimulator.ActiveCfg = Release|iPhoneSimulator
		{5D7E0249-DCE7-4E4E-8848-E845483AD0A0}.Release|iPhoneSimulator.Build.0 = Release|iPhoneSimulator
		{5D7E0249-DCE7-4E4E-8848-E845483AD0A0}.Release|iPhoneSimulator.Deploy.0 = Release|iPhoneSimulator
		{81224D53-262C-4EC2-BB00-60AF7D736CA9}.Debug|Any CPU.ActiveCfg = Debug|Any CPU
		{81224D53-262C-4EC2-BB00-60AF7D736CA9}.Debug|Any CPU.Build.0 = Debug|Any CPU
		{81224D53-262C-4EC2-BB00-60AF7D736CA9}.Debug|Any CPU.Deploy.0 = Debug|Any CPU
		{81224D53-262C-4EC2-BB00-60AF7D736CA9}.Debug|iPhone.ActiveCfg = Debug|Any CPU
		{81224D53-262C-4EC2-BB00-60AF7D736CA9}.Debug|iPhone.Build.0 = Debug|Any CPU
		{81224D53-262C-4EC2-BB00-60AF7D736CA9}.Debug|iPhone.Deploy.0 = Debug|Any CPU
		{81224D53-262C-4EC2-BB00-60AF7D736CA9}.Debug|iPhoneSimulator.ActiveCfg = Debug|Any CPU
		{81224D53-262C-4EC2-BB00-60AF7D736CA9}.Debug|iPhoneSimulator.Build.0 = Debug|Any CPU
		{81224D53-262C-4EC2-BB00-60AF7D736CA9}.Debug|iPhoneSimulator.Deploy.0 = Debug|Any CPU
		{81224D53-262C-4EC2-BB00-60AF7D736CA9}.Release|Any CPU.ActiveCfg = Release|Any CPU
		{81224D53-262C-4EC2-BB00-60AF7D736CA9}.Release|Any CPU.Build.0 = Release|Any CPU
		{81224D53-262C-4EC2-BB00-60AF7D736CA9}.Release|Any CPU.Deploy.0 = Release|Any CPU
		{81224D53-262C-4EC2-BB00-60AF7D736CA9}.Release|iPhone.ActiveCfg = Release|Any CPU
		{81224D53-262C-4EC2-BB00-60AF7D736CA9}.Release|iPhone.Build.0 = Release|Any CPU
		{81224D53-262C-4EC2-BB00-60AF7D736CA9}.Release|iPhone.Deploy.0 = Release|Any CPU
		{81224D53-262C-4EC2-BB00-60AF7D736CA9}.Release|iPhoneSimulator.ActiveCfg = Release|Any CPU
		{81224D53-262C-4EC2-BB00-60AF7D736CA9}.Release|iPhoneSimulator.Build.0 = Release|Any CPU
		{81224D53-262C-4EC2-BB00-60AF7D736CA9}.Release|iPhoneSimulator.Deploy.0 = Release|Any CPU
	EndGlobalSection
	GlobalSection(SolutionProperties) = preSolution
		HideSolutionNode = FALSE
	EndGlobalSection
	GlobalSection(ExtensibilityGlobals) = postSolution
		SolutionGuid = {B05BFEEF-671B-4D3A-9DFC-E179A2C7C0A6}
	EndGlobalSection
EndGlobal
